Microsoft Visual Studio Solution File, Format Version 12.00
# Visual Studio Version 17
VisualStudioVersion = 17.5.2.0
MinimumVisualStudioVersion = 10.0.40219.1
Project("{FAE04EC0-301F-11D3-BF4B-00C04F79EFBC}") = "SharpCraft", "SharpCraft.csproj", "{08A482C7-648D-1557-21A0-F19437EE1BBF}"
EndProject
Global
	GlobalSection(SolutionConfigurationPlatforms) = preSolution
		Debug|Any CPU = Debug|Any CPU
		Release|Any CPU = Release|Any CPU
	EndGlobalSection
	GlobalSection(ProjectConfigurationPlatforms) = postSolution
		{08A482C7-648D-1557-21A0-F19437EE1BBF}.Debug|Any CPU.ActiveCfg = Debug|Any CPU
		{08A482C7-648D-1557-21A0-F19437EE1BBF}.Debug|Any CPU.Build.0 = Debug|Any CPU
		{08A482C7-648D-1557-21A0-F19437EE1BBF}.Release|Any CPU.ActiveCfg = Release|Any CPU
		{08A482C7-648D-1557-21A0-F19437EE1BBF}.Release|Any CPU.Build.0 = Release|Any CPU
	EndGlobalSection
	GlobalSection(SolutionProperties) = preSolution
		HideSolutionNode = FALSE
	EndGlobalSection
	GlobalSection(ExtensibilityGlobals) = postSolution
		SolutionGuid = {EAEA0BFF-BCF3-46C8-AA25-3A37428198D8}
	EndGlobalSection
EndGlobal
